
Microsoft Visual Studio Solution File, Format Version 12.00
# Visual Studio Version 16
VisualStudioVersion = 16.0.31005.135
MinimumVisualStudioVersion = 10.0.40219.1
Project("{FAE04EC0-301F-11D3-BF4B-00C04F79EFBC}") = "WindowsFormsApp16", "WindowsFormsApp16\WindowsFormsApp16.csproj", "{567734BA-5FB1-47A0-BB20-C165FEA45224}"
EndProject
Global
	GlobalSection(SolutionConfigurationPlatforms) = preSolution
		Debug|Any CPU = Debug|Any CPU
		Release|Any CPU = Release|Any CPU
	EndGlobalSection
	GlobalSection(ProjectConfigurationPlatforms) = postSolution
		{567734BA-5FB1-47A0-BB20-C165FEA45224}.Debug|Any CPU.ActiveCfg = Debug|Any CPU
		{567734BA-5FB1-47A0-BB20-C165FEA45224}.Debug|Any CPU.Build.0 = Debug|Any CPU
		{567734BA-5FB1-47A0-BB20-C165FEA45224}.Release|Any CPU.ActiveCfg = Release|Any CPU
		{567734BA-5FB1-47A0-BB20-C165FEA45224}.Release|Any CPU.Build.0 = Release|Any CPU
	EndGlobalSection
	GlobalSection(SolutionProperties) = preSolution
		HideSolutionNode = FALSE
	EndGlobalSection
	GlobalSection(ExtensibilityGlobals) = postSolution
		SolutionGuid = {3F8D75C8-7C15-4F09-B068-5B06047F723D}
	EndGlobalSection
EndGlobal
